github.com/appleboy/go-httpclient v0.4.0 h1:vHj2lDq2FTp/RnjYjtWSqURWepAa+EcqQ1y9oV+lbJU=
github.com/appleboy/go-httpclient v0.4.0/go.mod h1:kQwfZ82XifjYMAIPBHQatyjDsjf4wWnWSLmS8gx4nJI=
github.com/google/uuid v1.6.0 h1:NIvaJDMOsjHA8n1jAhLSgzrAzy1Hgr+hNrb57e+94F0=
github.com/google/uuid v1.6.0/go.mod h1:TIyPZe4MgqvfeYDBFedMoGGpEw/LqOeaOT+nhxU+yHo=
